// !$*UTF8*$!
{
	archiveVersion = 1;
	classes = {
	};
	objectVersion = 46;
	objects = {

/* Begin PBXBuildFile section */
		73AFA238129188AB448DF2DB /* Pods_ProtobufTest.framework in Frameworks */ = {isa = PBXBuildFile; fileRef = 0F2D57F33436AAEF04EFDA5D /* Pods_ProtobufTest.framework */; };
		ECA716CD1F33E968004716E9 /* AppDelegate.swift in Sources */ = {isa = PBXBuildFile; fileRef = ECA716CC1F33E968004716E9 /* AppDelegate.swift */; };
		ECA716D21F33E968004716E9 /* Main.storyboard in Resources */ = {isa = PBXBuildFile; fileRef = ECA716D01F33E968004716E9 /* Main.storyboard */; };
		ECA716D41F33E968004716E9 /* Assets.xcassets in Resources */ = {isa = PBXBuildFile; fileRef = ECA716D31F33E968004716E9 /* Assets.xcassets */; };
		ECA716D71F33E968004716E9 /* LaunchScreen.storyboard in Resources */ = {isa = PBXBuildFile; fileRef = ECA716D51F33E968004716E9 /* LaunchScreen.storyboard */; };
		ECA716DF1F33EAAB004716E9 /* User.pb.swift in Sources */ = {isa = PBXBuildFile; fileRef = ECA716DE1F33EAAB004716E9 /* User.pb.swift */; };
		ECA716E11F343452004716E9 /* ContactsTableViewController.swift in Sources */ = {isa = PBXBuildFile; fileRef = ECA716E01F343452004716E9 /* ContactsTableViewController.swift */; };
		ECA716E31F3434DB004716E9 /* NetworkService.swift in Sources */ = {isa = PBXBuildFile; fileRef = ECA716E21F3434DB004716E9 /* NetworkService.swift */; };
		ECA716E51F34E046004716E9 /* DetailContactViewController.swift in Sources */ = {isa = PBXBuildFile; fileRef = ECA716E41F34E046004716E9 /* DetailContactViewController.swift */; };
		ECA716E81F34E068004716E9 /* AddContactViewController.swift in Sources */ = {isa = PBXBuildFile; fileRef = ECA716E71F34E068004716E9 /* AddContactViewController.swift */; };
/* End PBXBuildFile section */

/* Begin PBXFileReference section */
		0F2D57F33436AAEF04EFDA5D /* Pods_ProtobufTest.framework */ = {isa = PBXFileReference; explicitFileType = wrapper.framework; includeInIndex = 0; path = Pods_ProtobufTest.framework; sourceTree = BUILT_PRODUCTS_DIR; };
		29E7631A0508644D14293CFC /* Pods-ProtobufTest.debug.xcconfig */ = {isa = PBXFileReference; includeInIndex = 1; lastKnownFileType = text.xcconfig; name = "Pods-ProtobufTest.debug.xcconfig"; path = "Pods/Target Support Files/Pods-ProtobufTest/Pods-ProtobufTest.debug.xcconfig"; sourceTree = "<group>"; };
		8D34B9AD11147CF3F487DB7E /* Pods-ProtobufTest.release.xcconfig */ = {isa = PBXFileReference; includeInIndex = 1; lastKnownFileType = text.xcconfig; name = "Pods-ProtobufTest.release.xcconfig"; path = "Pods/Target Support Files/Pods-ProtobufTest/Pods-ProtobufTest.release.xcconfig"; sourceTree = "<group>"; };
		ECA716C91F33E968004716E9 /* ProtobufTest.app */ = {isa = PBXFileReference; explicitFileType = wrapper.application; includeInIndex = 0; path = ProtobufTest.app; sourceTree = BUILT_PRODUCTS_DIR; };
		ECA716CC1F33E968004716E9 /* AppDelegate.swift */ = {isa = PBXFileReference; lastKnownFileType = sourcecode.swift; path = AppDelegate.swift; sourceTree = "<group>"; };
		ECA716D11F33E968004716E9 /* Base */ = {isa = PBXFileReference; lastKnownFileType = file.storyboard; name = Base; path = Base.lproj/Main.storyboard; sourceTree = "<group>"; };
		ECA716D31F33E968004716E9 /* Assets.xcassets */ = {isa = PBXFileReference; lastKnownFileType = folder.assetcatalog; path = Assets.xcassets; sourceTree = "<group>"; };
		ECA716D61F33E968004716E9 /* Base */ = {isa = PBXFileReference; lastKnownFileType = file.storyboard; name = Base; path = Base.lproj/LaunchScreen.storyboard; sourceTree = "<group>"; };
		ECA716D81F33E968004716E9 /* Info.plist */ = {isa = PBXFileReference; lastKnownFileType = text.plist.xml; path = Info.plist; sourceTree = "<group>"; };
		ECA716DE1F33EAAB004716E9 /* User.pb.swift */ = {isa = PBXFileReference; fileEncoding = 4; lastKnownFileType = sourcecode.swift; path = User.pb.swift; sourceTree = "<group>"; };
		ECA716E01F343452004716E9 /* ContactsTableViewController.swift */ = {isa = PBXFileReference; fileEncoding = 4; lastKnownFileType = sourcecode.swift; path = ContactsTableViewController.swift; sourceTree = "<group>"; };
		ECA716E21F3434DB004716E9 /* NetworkService.swift */ = {isa = PBXFileReference; fileEncoding = 4; lastKnownFileType = sourcecode.swift; path = NetworkService.swift; sourceTree = "<group>"; };
		ECA716E41F34E046004716E9 /* DetailContactViewController.swift */ = {isa = PBXFileReference; fileEncoding = 4; lastKnownFileType = sourcecode.swift; path = DetailContactViewController.swift; sourceTree = "<group>"; };
		ECA716E71F34E068004716E9 /* AddContactViewController.swift */ = {isa = PBXFileReference; fileEncoding = 4; lastKnownFileType = sourcecode.swift; path = AddContactViewController.swift; sourceTree = "<group>"; };
/* End PBXFileReference section */

/* Begin PBXFrameworksBuildPhase section */
		ECA716C61F33E968004716E9 /* Frameworks */ = {
			isa = PBXFrameworksBuildPhase;
			buildActionMask = 2147483647;
			files = (
				73AFA238129188AB448DF2DB /* Pods_ProtobufTest.framework in Frameworks */,
			);
			runOnlyForDeploymentPostprocessing = 0;
		};
/* End PBXFrameworksBuildPhase section */

/* Begin PBXGroup section */
		0BFBF8CC9289B0620EF716E2 /* Frameworks */ = {
			isa = PBXGroup;
			children = (
				0F2D57F33436AAEF04EFDA5D /* Pods_ProtobufTest.framework */,
			);
			name = Frameworks;
			sourceTree = "<group>";
		};
		3A1BE88575867BF8C5073E73 /* Pods */ = {
			isa = PBXGroup;
			children = (
				29E7631A0508644D14293CFC /* Pods-ProtobufTest.debug.xcconfig */,
				8D34B9AD11147CF3F487DB7E /* Pods-ProtobufTest.release.xcconfig */,
			);
			name = Pods;
			sourceTree = "<group>";
		};
		ECA716C01F33E968004716E9 = {
			isa = PBXGroup;
			children = (
				ECA716CB1F33E968004716E9 /* ProtobufTest */,
				ECA716CA1F33E968004716E9 /* Products */,
				3A1BE88575867BF8C5073E73 /* Pods */,
				0BFBF8CC9289B0620EF716E2 /* Frameworks */,
			);
			sourceTree = "<group>";
		};
		ECA716CA1F33E968004716E9 /* Products */ = {
			isa = PBXGroup;
			children = (
				ECA716C91F33E968004716E9 /* ProtobufTest.app */,
			);
			name = Products;
			sourceTree = "<group>";
		};
		ECA716CB1F33E968004716E9 /* ProtobufTest */ = {
			isa = PBXGroup;
			children = (
				ECA716CC1F33E968004716E9 /* AppDelegate.swift */,
				ECA716D01F33E968004716E9 /* Main.storyboard */,
				ECA716D31F33E968004716E9 /* Assets.xcassets */,
				ECA716D51F33E968004716E9 /* LaunchScreen.storyboard */,
				ECA716D81F33E968004716E9 /* Info.plist */,
				ECA716EA1F350195004716E9 /* Protobuf Models */,
				ECA716E91F350183004716E9 /* Network */,
				ECA716E61F34E04F004716E9 /* ViewController */,
			);
			path = ProtobufTest;
			sourceTree = "<group>";
		};
		ECA716E61F34E04F004716E9 /* ViewController */ = {
			isa = PBXGroup;
			children = (
				ECA716E41F34E046004716E9 /* DetailContactViewController.swift */,
				ECA716E01F343452004716E9 /* ContactsTableViewController.swift */,
				ECA716E71F34E068004716E9 /* AddContactViewController.swift */,
			);
			name = ViewController;
			sourceTree = "<group>";
		};
		ECA716E91F350183004716E9 /* Network */ = {
			isa = PBXGroup;
			children = (
				ECA716E21F3434DB004716E9 /* NetworkService.swift */,
			);
			name = Network;
			sourceTree = "<group>";
		};
		ECA716EA1F350195004716E9 /* Protobuf Models */ = {
			isa = PBXGroup;
			children = (
				ECA716DE1F33EAAB004716E9 /* User.pb.swift */,
			);
			name = "Protobuf Models";
			sourceTree = "<group>";
		};
/* End PBXGroup section */

/* Begin PBXNativeTarget section */
		ECA716C81F33E968004716E9 /* ProtobufTest */ = {
			isa = PBXNativeTarget;
			buildConfigurationList = ECA716DB1F33E968004716E9 /* Build configuration list for PBXNativeTarget "ProtobufTest" */;
			buildPhases = (
				46E6B2D47C4065FBAEDB3382 /* [CP] Check Pods Manifest.lock */,
				ECA716C51F33E968004716E9 /* Sources */,
				ECA716C61F33E968004716E9 /* Frameworks */,
				ECA716C71F33E968004716E9 /* Resources */,
				2B053BBA3A8AB240502BAC7C /* [CP] Embed Pods Frameworks */,
				37F486D757049E0125EBE78B /* [CP] Copy Pods Resources */,
			);
			buildRules = (
			);
			dependencies = (
			);
			name = ProtobufTest;
			productName = ProtobufTest;
			productReference = ECA716C91F33E968004716E9 /* ProtobufTest.app */;
			productType = "com.apple.product-type.application";
		};
/* End PBXNativeTarget section */

/* Begin PBXProject section */
		ECA716C11F33E968004716E9 /* Project object */ = {
			isa = PBXProject;
			attributes = {
				LastSwiftUpdateCheck = 0830;
				LastUpgradeCheck = 0830;
				ORGANIZATIONNAME = "Jorge R Ovalle Z";
				TargetAttributes = {
					ECA716C81F33E968004716E9 = {
						CreatedOnToolsVersion = 8.3.3;
						DevelopmentTeam = 52B523D672;
						ProvisioningStyle = Automatic;
					};
				};
			};
			buildConfigurationList = ECA716C41F33E968004716E9 /* Build configuration list for PBXProject "ProtobufTest" */;
			compatibilityVersion = "Xcode 3.2";
			developmentRegion = English;
			hasScannedForEncodings = 0;
			knownRegions = (
				en,
				Base,
			);
			mainGroup = ECA716C01F33E968004716E9;
			productRefGroup = ECA716CA1F33E968004716E9 /* Products */;
			projectDirPath = "";
			projectRoot = "";
			targets = (
				ECA716C81F33E968004716E9 /* ProtobufTest */,
			);
		};
/* End PBXProject section */

/* Begin PBXResourcesBuildPhase section */
		ECA716C71F33E968004716E9 /* Resources */ = {
			isa = PBXResourcesBuildPhase;
			buildActionMask = 2147483647;
			files = (
				ECA716D71F33E968004716E9 /* LaunchScreen.storyboard in Resources */,
				ECA716D41F33E968004716E9 /* Assets.xcassets in Resources */,
				ECA716D21F33E968004716E9 /* Main.storyboard in Resources */,
			);
			runOnlyForDeploymentPostprocessing = 0;
		};
/* End PBXResourcesBuildPhase section */

/* Begin PBXShellScriptBuildPhase section */
		2B053BBA3A8AB240502BAC7C /* [CP] Embed Pods Frameworks */ = {
			isa = PBXShellScriptBuildPhase;
			buildActionMask = 2147483647;
			files = (
			);
			inputPaths = (
			);
			name = "[CP] Embed Pods Frameworks";
			outputPaths = (
			);
			runOnlyForDeploymentPostprocessing = 0;
			shellPath = /bin/sh;
			shellScript = "\"${SRCROOT}/Pods/Target Support Files/Pods-ProtobufTest/Pods-ProtobufTest-frameworks.sh\"\n";
			showEnvVarsInLog = 0;
		};
		37F486D757049E0125EBE78B /* [CP] Copy Pods Resources */ = {
			isa = PBXShellScriptBuildPhase;
			buildActionMask = 2147483647;
			files = (
			);
			inputPaths = (
			);
			name = "[CP] Copy Pods Resources";
			outputPaths = (
			);
			runOnlyForDeploymentPostprocessing = 0;
			shellPath = /bin/sh;
			shellScript = "\"${SRCROOT}/Pods/Target Support Files/Pods-ProtobufTest/Pods-ProtobufTest-resources.sh\"\n";
			showEnvVarsInLog = 0;
		};
		46E6B2D47C4065FBAEDB3382 /* [CP] Check Pods Manifest.lock */ = {
			isa = PBXShellScriptBuildPhase;
			buildActionMask = 2147483647;
			files = (
			);
			inputPaths = (
			);
			name = "[CP] Check Pods Manifest.lock";
			outputPaths = (
			);
			runOnlyForDeploymentPostprocessing = 0;
			shellPath = /bin/sh;
			shellScript = "diff \"${PODS_PODFILE_DIR_PATH}/Podfile.lock\" \"${PODS_ROOT}/Manifest.lock\" > /dev/null\nif [ $? != 0 ] ; then\n    # print error to STDERR\n    echo \"error: The sandbox is not in sync with the Podfile.lock. Run 'pod install' or update your CocoaPods installation.\" >&2\n    exit 1\nfi\n";
			showEnvVarsInLog = 0;
		};
/* End PBXShellScriptBuildPhase section */

/* Begin PBXSourcesBuildPhase section */
		ECA716C51F33E968004716E9 /* Sources */ = {
			isa = PBXSourcesBuildPhase;
			buildActionMask = 2147483647;
			files = (
				ECA716DF1F33EAAB004716E9 /* User.pb.swift in Sources */,
				ECA716E81F34E068004716E9 /* AddContactViewController.swift in Sources */,
				ECA716E11F343452004716E9 /* ContactsTableViewController.swift in Sources */,
				ECA716CD1F33E968004716E9 /* AppDelegate.swift in Sources */,
				ECA716E51F34E046004716E9 /* DetailContactViewController.swift in Sources */,
				ECA716E31F3434DB004716E9 /* NetworkService.swift in Sources */,
			);
			runOnlyForDeploymentPostprocessing = 0;
		};
/* End PBXSourcesBuildPhase section */

/* Begin PBXVariantGroup section */
		ECA716D01F33E968004716E9 /* Main.storyboard */ = {
			isa = PBXVariantGroup;
			children = (
				ECA716D11F33E968004716E9 /* Base */,
			);
			name = Main.storyboard;
			sourceTree = "<group>";
		};
		ECA716D51F33E968004716E9 /* LaunchScreen.storyboard */ = {
			isa = PBXVariantGroup;
			children = (
				ECA716D61F33E968004716E9 /* Base */,
			);
			name = LaunchScreen.storyboard;
			sourceTree = "<group>";
		};
/* End PBXVariantGroup section */

/* Begin XCBuildConfiguration section */
		ECA716D91F33E968004716E9 /* Debug */ = {
			isa = XCBuildConfiguration;
			buildSettings = {
				ALWAYS_SEARCH_USER_PATHS = NO;
				CLANG_ANALYZER_NONNULL = YES;
				CLANG_ANALYZER_NUMBER_OBJECT_CONVERSION = YES_AGGRESSIVE;
				CLANG_CXX_LANGUAGE_STANDARD = "gnu++0x";
				CLANG_CXX_LIBRARY = "libc++";
				CLANG_ENABLE_MODULES = YES;
				CLANG_ENABLE_OBJC_ARC = YES;
				CLANG_WARN_BOOL_CONVERSION = YES;
				CLANG_WARN_CONSTANT_CONVERSION = YES;
				CLANG_WARN_DIRECT_OBJC_ISA_USAGE = YES_ERROR;
				CLANG_WARN_DOCUMENTATION_COMMENTS = YES;
				CLANG_WARN_EMPTY_BODY = YES;
				CLANG_WARN_ENUM_CONVERSION = YES;
				CLANG_WARN_INFINITE_RECURSION = YES;
				CLANG_WARN_INT_CONVERSION = YES;
				CLANG_WARN_OBJC_ROOT_CLASS = YES_ERROR;
				CLANG_WARN_SUSPICIOUS_MOVE = YES;
				CLANG_WARN_UNREACHABLE_CODE = YES;
				CLANG_WARN__DUPLICATE_METHOD_MATCH = YES;
				"CODE_SIGN_IDENTITY[sdk=iphoneos*]" = "iPhone Developer";
				COPY_PHASE_STRIP = NO;
				DEBUG_INFORMATION_FORMAT = dwarf;
				ENABLE_STRICT_OBJC_MSGSEND = YES;
				ENABLE_TESTABILITY = YES;
				GCC_C_LANGUAGE_STANDARD = gnu99;
				GCC_DYNAMIC_NO_PIC = NO;
				GCC_NO_COMMON_BLOCKS = YES;
				GCC_OPTIMIZATION_LEVEL = 0;
				GCC_PREPROCESSOR_DEFINITIONS = (
					"DEBUG=1",
					"$(inherited)",
				);
				GCC_WARN_64_TO_32_BIT_CONVERSION = YES;
				GCC_WARN_ABOUT_RETURN_TYPE = YES_ERROR;
				GCC_WARN_UNDECLARED_SELECTOR = YES;
				GCC_WARN_UNINITIALIZED_AUTOS = YES_AGGRESSIVE;
				GCC_WARN_UNUSED_FUNCTION = YES;
				GCC_WARN_UNUSED_VARIABLE = YES;
				IPHONEOS_DEPLOYMENT_TARGET = 10.3;
				MTL_ENABLE_DEBUG_INFO = YES;
				ONLY_ACTIVE_ARCH = YES;
				SDKROOT = iphoneos;
				SWIFT_ACTIVE_COMPILATION_CONDITIONS = DEBUG;
				SWIFT_OPTIMIZATION_LEVEL = "-Onone";
				TARGETED_DEVICE_FAMILY = "1,2";
			};
			name = Debug;
		};
		ECA716DA1F33E968004716E9 /* Release */ = {
			isa = XCBuildConfiguration;
			buildSettings = {
				ALWAYS_SEARCH_USER_PATHS = NO;
				CLANG_ANALYZER_NONNULL = YES;
				CLANG_ANALYZER_NUMBER_OBJECT_CONVERSION = YES_AGGRESSIVE;
				CLANG_CXX_LANGUAGE_STANDARD = "gnu++0x";
				CLANG_CXX_LIBRARY = "libc++";
				CLANG_ENABLE_MODULES = YES;
				CLANG_ENABLE_OBJC_ARC = YES;
				CLANG_WARN_BOOL_CONVERSION = YES;
				CLANG_WARN_CONSTANT_CONVERSION = YES;
				CLANG_WARN_DIRECT_OBJC_ISA_USAGE = YES_ERROR;
				CLANG_WARN_DOCUMENTATION_COMMENTS = YES;
				CLANG_WARN_EMPTY_BODY = YES;
				CLANG_WARN_ENUM_CONVERSION = YES;
				CLANG_WARN_INFINITE_RECURSION = YES;
				CLANG_WARN_INT_CONVERSION = YES;
				CLANG_WARN_OBJC_ROOT_CLASS = YES_ERROR;
				CLANG_WARN_SUSPICIOUS_MOVE = YES;
				CLANG_WARN_UNREACHABLE_CODE = YES;
				CLANG_WARN__DUPLICATE_METHOD_MATCH = YES;
				"CODE_SIGN_IDENTITY[sdk=iphoneos*]" = "iPhone Developer";
				COPY_PHASE_STRIP = NO;
				DEBUG_INFORMATION_FORMAT = "dwarf-with-dsym";
				ENABLE_NS_ASSERTIONS = NO;
				ENABLE_STRICT_OBJC_MSGSEND = YES;
				GCC_C_LANGUAGE_STANDARD = gnu99;
				GCC_NO_COMMON_BLOCKS = YES;
				GCC_WARN_64_TO_32_BIT_CONVERSION = YES;
				GCC_WARN_ABOUT_RETURN_TYPE = YES_ERROR;
				GCC_WARN_UNDECLARED_SELECTOR = YES;
				GCC_WARN_UNINITIALIZED_AUTOS = YES_AGGRESSIVE;
				GCC_WARN_UNUSED_FUNCTION = YES;
				GCC_WARN_UNUSED_VARIABLE = YES;
				IPHONEOS_DEPLOYMENT_TARGET = 10.3;
				MTL_ENABLE_DEBUG_INFO = NO;
				SDKROOT = iphoneos;
				SWIFT_OPTIMIZATION_LEVEL = "-Owholemodule";
				TARGETED_DEVICE_FAMILY = "1,2";
				VALIDATE_PRODUCT = YES;
			};
			name = Release;
		};
		ECA716DC1F33E968004716E9 /* Debug */ = {
			isa = XCBuildConfiguration;
			baseConfigurationReference = 29E7631A0508644D14293CFC /* Pods-ProtobufTest.debug.xcconfig */;
			buildSettings = {
				ASSETCATALOG_COMPILER_APPICON_NAME = AppIcon;
				DEVELOPMENT_TEAM = 52B523D672;
				INFOPLIST_FILE = ProtobufTest/Info.plist;
				IPHONEOS_DEPLOYMENT_TARGET = 10.2;
				LD_RUNPATH_SEARCH_PATHS = "$(inherited) @executable_path/Frameworks";
				PRODUCT_BUNDLE_IDENTIFIER = protobuf.concept.ProtobufTest;
				PRODUCT_NAME = "$(TARGET_NAME)";
				SWIFT_VERSION = 3.0;
			};
			name = Debug;
		};
		ECA716DD1F33E968004716E9 /* Release */ = {
			isa = XCBuildConfiguration;
			baseConfigurationReference = 8D34B9AD11147CF3F487DB7E /* Pods-ProtobufTest.release.xcconfig */;
			buildSettings = {
				ASSETCATALOG_COMPILER_APPICON_NAME = AppIcon;
				DEVELOPMENT_TEAM = 52B523D672;
				INFOPLIST_FILE = ProtobufTest/Info.plist;
				IPHONEOS_DEPLOYMENT_TARGET = 10.2;
				LD_RUNPATH_SEARCH_PATHS = "$(inherited) @executable_path/Frameworks";
				PRODUCT_BUNDLE_IDENTIFIER = protobuf.concept.ProtobufTest;
				PRODUCT_NAME = "$(TARGET_NAME)";
				SWIFT_VERSION = 3.0;
			};
			name = Release;
		};
/* End XCBuildConfiguration section */

/* Begin XCConfigurationList section */
		ECA716C41F33E968004716E9 /* Build configuration list for PBXProject "ProtobufTest" */ = {
			isa = XCConfigurationList;
			buildConfigurations = (
				ECA716D91F33E968004716E9 /* Debug */,
				ECA716DA1F33E968004716E9 /* Release */,
			);
			defaultConfigurationIsVisible = 0;
			defaultConfigurationName = Release;
		};
		ECA716DB1F33E968004716E9 /* Build configuration list for PBXNativeTarget "ProtobufTest" */ = {
			isa = XCConfigurationList;
			buildConfigurations = (
				ECA716DC1F33E968004716E9 /* Debug */,
				ECA716DD1F33E968004716E9 /* Release */,
			);
			defaultConfigurationIsVisible = 0;
			defaultConfigurationName = Release;
		};
/* End XCConfigurationList section */
	};
	rootObject = ECA716C11F33E968004716E9 /* Project object */;
}
